
Microsoft Visual Studio Solution File, Format Version 12.00
# Visual Studio Version 16
VisualStudioVersion = 16.0.29613.14
MinimumVisualStudioVersion = 10.0.40219.1
Project("{9A19103F-16F7-4668-BE54-9A1E7A4F7556}") = "Saladpuk.PromptPay", "Saladpuk.PromptPay\Saladpuk.PromptPay.csproj", "{AA0F2F1C-0883-4F87-9CCF-1AFBE0B8ED6E}"
EndProject
Project("{2150E333-8FDC-42A3-9474-1A3956D46DE8}") = "tests", "tests", "{0C433077-08AF-4C77-959A-E99D9B986890}"
EndProject
Project("{9A19103F-16F7-4668-BE54-9A1E7A4F7556}") = "Saladpuk.PromptPay.Tests", "tests\Saladpuk.PromptPay.Tests\Saladpuk.PromptPay.Tests.csproj", "{E0C96719-DA05-47CE-A725-9807049DF454}"
EndProject
Project("{FAE04EC0-301F-11D3-BF4B-00C04F79EFBC}") = "Saladpuk.PromptPay.App", "Saladpuk.PromptPay.App\Saladpuk.PromptPay.App.csproj", "{9BB40DE3-5BF0-4215-BF57-06A0FE5B4D1D}"
EndProject
Project("{FAE04EC0-301F-11D3-BF4B-00C04F79EFBC}") = "Saladpuk.Contracts", "Saladpuk.Contracts\Saladpuk.Contracts.csproj", "{04941B9B-2AB0-434A-8400-B0212191EE4F}"
EndProject
Global
	GlobalSection(SolutionConfigurationPlatforms) = preSolution
		Debug|Any CPU = Debug|Any CPU
		Release|Any CPU = Release|Any CPU
	EndGlobalSection
	GlobalSection(ProjectConfigurationPlatforms) = postSolution
		{AA0F2F1C-0883-4F87-9CCF-1AFBE0B8ED6E}.Debug|Any CPU.ActiveCfg = Debug|Any CPU
		{AA0F2F1C-0883-4F87-9CCF-1AFBE0B8ED6E}.Debug|Any CPU.Build.0 = Debug|Any CPU
		{AA0F2F1C-0883-4F87-9CCF-1AFBE0B8ED6E}.Release|Any CPU.ActiveCfg = Release|Any CPU
		{AA0F2F1C-0883-4F87-9CCF-1AFBE0B8ED6E}.Release|Any CPU.Build.0 = Release|Any CPU
		{E0C96719-DA05-47CE-A725-9807049DF454}.Debug|Any CPU.ActiveCfg = Debug|Any CPU
		{E0C96719-DA05-47CE-A725-9807049DF454}.Debug|Any CPU.Build.0 = Debug|Any CPU
		{E0C96719-DA05-47CE-A725-9807049DF454}.Release|Any CPU.ActiveCfg = Release|Any CPU
		{E0C96719-DA05-47CE-A725-9807049DF454}.Release|Any CPU.Build.0 = Release|Any CPU
		{9BB40DE3-5BF0-4215-BF57-06A0FE5B4D1D}.Debug|Any CPU.ActiveCfg = Debug|Any CPU
		{9BB40DE3-5BF0-4215-BF57-06A0FE5B4D1D}.Debug|Any CPU.Build.0 = Debug|Any CPU
		{9BB40DE3-5BF0-4215-BF57-06A0FE5B4D1D}.Release|Any CPU.ActiveCfg = Release|Any CPU
		{9BB40DE3-5BF0-4215-BF57-06A0FE5B4D1D}.Release|Any CPU.Build.0 = Release|Any CPU
		{04941B9B-2AB0-434A-8400-B0212191EE4F}.Debug|Any CPU.ActiveCfg = Debug|Any CPU
		{04941B9B-2AB0-434A-8400-B0212191EE4F}.Debug|Any CPU.Build.0 = Debug|Any CPU
		{04941B9B-2AB0-434A-8400-B0212191EE4F}.Release|Any CPU.ActiveCfg = Release|Any CPU
		{04941B9B-2AB0-434A-8400-B0212191EE4F}.Release|Any CPU.Build.0 = Release|Any CPU
	EndGlobalSection
	GlobalSection(SolutionProperties) = preSolution
		HideSolutionNode = FALSE
	EndGlobalSection
	GlobalSection(NestedProjects) = preSolution
		{E0C96719-DA05-47CE-A725-9807049DF454} = {0C433077-08AF-4C77-959A-E99D9B986890}
	EndGlobalSection
	GlobalSection(ExtensibilityGlobals) = postSolution
		SolutionGuid = {449B70FF-0C6F-4653-BE02-62BE29BA90E0}
	EndGlobalSection
EndGlobal
